
Microsoft Visual Studio Solution File, Format Version 12.00
# Visual Studio Version 16
VisualStudioVersion = 16.0.30225.117
MinimumVisualStudioVersion = 10.0.40219.1
Project("{9A19103F-16F7-4668-BE54-9A1E7A4F7556}") = "ExceptionDemo", "NewException\ExceptionDemo.csproj", "{E1551B6A-F448-4279-AA9E-CA5F78E05075}"
EndProject
Project("{9A19103F-16F7-4668-BE54-9A1E7A4F7556}") = "DemoNumberGenerator", "DemoNumberGenerator\DemoNumberGenerator.csproj", "{83543E71-50AB-4960-9F23-BA9EEFB7958D}"
EndProject
Project("{9A19103F-16F7-4668-BE54-9A1E7A4F7556}") = "DemoSentence", "DemoSentence\DemoSentence.csproj", "{9BF41939-B58F-4802-A81A-38B4095E72F2}"
EndProject
Project("{9A19103F-16F7-4668-BE54-9A1E7A4F7556}") = "IndexOutOfRangeException_Demo", "IndexOutOfRangeException_Demo\IndexOutOfRangeException_Demo.csproj", "{B6320F55-AC03-484B-B3AA-B8B9DEB6FF84}"
EndProject
Project("{9A19103F-16F7-4668-BE54-9A1E7A4F7556}") = "FileNotFoundException_Demo", "FileNotFoundException_Demo\FileNotFoundException_Demo.csproj", "{6B4D7EA0-CD91-4669-8C14-A2571826CB29}"
EndProject
Project("{9A19103F-16F7-4668-BE54-9A1E7A4F7556}") = "FormatException_Demo", "FormatException_Demo\FormatException_Demo.csproj", "{08A9EE70-B2E7-4C61-B3E1-A5CE2AF706F3}"
EndProject
Project("{9A19103F-16F7-4668-BE54-9A1E7A4F7556}") = "InvalidOperationException_Demo", "InvalidOperationException_Demo\InvalidOperationException_Demo.csproj", "{42231521-3E44-41E9-BFE9-3A8F98331D29}"
EndProject
Project("{FAE04EC0-301F-11D3-BF4B-00C04F79EFBC}") = "OverflowException_Demo", "OverflowException_Demo\OverflowException_Demo.csproj", "{A688783A-F5B9-4FF4-9A87-A253D7A87F52}"
EndProject
Global
	GlobalSection(SolutionConfigurationPlatforms) = preSolution
		Debug|Any CPU = Debug|Any CPU
		Release|Any CPU = Release|Any CPU
	EndGlobalSection
	GlobalSection(ProjectConfigurationPlatforms) = postSolution
		{E1551B6A-F448-4279-AA9E-CA5F78E05075}.Debug|Any CPU.ActiveCfg = Debug|Any CPU
		{E1551B6A-F448-4279-AA9E-CA5F78E05075}.Debug|Any CPU.Build.0 = Debug|Any CPU
		{E1551B6A-F448-4279-AA9E-CA5F78E05075}.Release|Any CPU.ActiveCfg = Release|Any CPU
		{E1551B6A-F448-4279-AA9E-CA5F78E05075}.Release|Any CPU.Build.0 = Release|Any CPU
		{83543E71-50AB-4960-9F23-BA9EEFB7958D}.Debug|Any CPU.ActiveCfg = Debug|Any CPU
		{83543E71-50AB-4960-9F23-BA9EEFB7958D}.Debug|Any CPU.Build.0 = Debug|Any CPU
		{83543E71-50AB-4960-9F23-BA9EEFB7958D}.Release|Any CPU.ActiveCfg = Release|Any CPU
		{83543E71-50AB-4960-9F23-BA9EEFB7958D}.Release|Any CPU.Build.0 = Release|Any CPU
		{9BF41939-B58F-4802-A81A-38B4095E72F2}.Debug|Any CPU.ActiveCfg = Debug|Any CPU
		{9BF41939-B58F-4802-A81A-38B4095E72F2}.Debug|Any CPU.Build.0 = Debug|Any CPU
		{9BF41939-B58F-4802-A81A-38B4095E72F2}.Release|Any CPU.ActiveCfg = Release|Any CPU
		{9BF41939-B58F-4802-A81A-38B4095E72F2}.Release|Any CPU.Build.0 = Release|Any CPU
		{B6320F55-AC03-484B-B3AA-B8B9DEB6FF84}.Debug|Any CPU.ActiveCfg = Debug|Any CPU
		{B6320F55-AC03-484B-B3AA-B8B9DEB6FF84}.Debug|Any CPU.Build.0 = Debug|Any CPU
		{B6320F55-AC03-484B-B3AA-B8B9DEB6FF84}.Release|Any CPU.ActiveCfg = Release|Any CPU
		{B6320F55-AC03-484B-B3AA-B8B9DEB6FF84}.Release|Any CPU.Build.0 = Release|Any CPU
		{6B4D7EA0-CD91-4669-8C14-A2571826CB29}.Debug|Any CPU.ActiveCfg = Debug|Any CPU
		{6B4D7EA0-CD91-4669-8C14-A2571826CB29}.Debug|Any CPU.Build.0 = Debug|Any CPU
		{6B4D7EA0-CD91-4669-8C14-A2571826CB29}.Release|Any CPU.ActiveCfg = Release|Any CPU
		{6B4D7EA0-CD91-4669-8C14-A2571826CB29}.Release|Any CPU.Build.0 = Release|Any CPU
		{08A9EE70-B2E7-4C61-B3E1-A5CE2AF706F3}.Debug|Any CPU.ActiveCfg = Debug|Any CPU
		{08A9EE70-B2E7-4C61-B3E1-A5CE2AF706F3}.Debug|Any CPU.Build.0 = Debug|Any CPU
		{08A9EE70-B2E7-4C61-B3E1-A5CE2AF706F3}.Release|Any CPU.ActiveCfg = Release|Any CPU
		{08A9EE70-B2E7-4C61-B3E1-A5CE2AF706F3}.Release|Any CPU.Build.0 = Release|Any CPU
		{42231521-3E44-41E9-BFE9-3A8F98331D29}.Debug|Any CPU.ActiveCfg = Debug|Any CPU
		{42231521-3E44-41E9-BFE9-3A8F98331D29}.Debug|Any CPU.Build.0 = Debug|Any CPU
		{42231521-3E44-41E9-BFE9-3A8F98331D29}.Release|Any CPU.ActiveCfg = Release|Any CPU
		{42231521-3E44-41E9-BFE9-3A8F98331D29}.Release|Any CPU.Build.0 = Release|Any CPU
		{A688783A-F5B9-4FF4-9A87-A253D7A87F52}.Debug|Any CPU.ActiveCfg = Debug|Any CPU
		{A688783A-F5B9-4FF4-9A87-A253D7A87F52}.Debug|Any CPU.Build.0 = Debug|Any CPU
		{A688783A-F5B9-4FF4-9A87-A253D7A87F52}.Release|Any CPU.ActiveCfg = Release|Any CPU
		{A688783A-F5B9-4FF4-9A87-A253D7A87F52}.Release|Any CPU.Build.0 = Release|Any CPU
	EndGlobalSection
	GlobalSection(SolutionProperties) = preSolution
		HideSolutionNode = FALSE
	EndGlobalSection
	GlobalSection(ExtensibilityGlobals) = postSolution
		SolutionGuid = {977C231A-1688-4932-AC1C-CE5E1361FF66}
	EndGlobalSection
EndGlobal
