
Microsoft Visual Studio Solution File, Format Version 12.00
# Visual Studio Version 16
VisualStudioVersion = 16.0.30225.117
MinimumVisualStudioVersion = 10.0.40219.1
Project("{9A19103F-16F7-4668-BE54-9A1E7A4F7556}") = "DemoArrList", "DemoArrList\DemoArrList.csproj", "{25236D73-AD63-40EB-A34A-69CC43D89736}"
EndProject
Project("{9A19103F-16F7-4668-BE54-9A1E7A4F7556}") = "MyList", "MyList\MyList.csproj", "{79CAFB2F-4F46-4F0B-943A-AE1C696C3C55}"
EndProject
Project("{9A19103F-16F7-4668-BE54-9A1E7A4F7556}") = "LinkedList", "LinkedList\LinkedList.csproj", "{7F69700E-71B5-4090-948A-8350683BA2CE}"
EndProject
Project("{9A19103F-16F7-4668-BE54-9A1E7A4F7556}") = "CollectionDemo", "CollectionDemo\CollectionDemo.csproj", "{57BBCEF4-6A5C-4B39-80EF-64611F8C01C3}"
EndProject
Project("{9A19103F-16F7-4668-BE54-9A1E7A4F7556}") = "Phone", "Phone\Phone.csproj", "{1C1C639F-F151-4ACA-83D8-0F26FD960234}"
EndProject
Project("{9A19103F-16F7-4668-BE54-9A1E7A4F7556}") = "NewManagement", "NewManagement\NewManagement.csproj", "{33D9A3A8-E30F-4610-BC69-C8205A7E6538}"
EndProject
Project("{9A19103F-16F7-4668-BE54-9A1E7A4F7556}") = "ManagementRate", "ManagementRate\ManagementRate.csproj", "{07DA5672-C93C-4F30-9F06-0DF05F767095}"
EndProject
Project("{9A19103F-16F7-4668-BE54-9A1E7A4F7556}") = "ManagementStudent", "ManagementStudent\ManagementStudent.csproj", "{0D621476-605D-44F8-858B-7F82D06A668F}"
EndProject
Project("{FAE04EC0-301F-11D3-BF4B-00C04F79EFBC}") = "ManagementBook", "ManagementBook\ManagementBook.csproj", "{2FA52557-53B6-4E6F-9262-AAB122C79C6E}"
EndProject
Global
	GlobalSection(SolutionConfigurationPlatforms) = preSolution
		Debug|Any CPU = Debug|Any CPU
		Release|Any CPU = Release|Any CPU
	EndGlobalSection
	GlobalSection(ProjectConfigurationPlatforms) = postSolution
		{25236D73-AD63-40EB-A34A-69CC43D89736}.Debug|Any CPU.ActiveCfg = Debug|Any CPU
		{25236D73-AD63-40EB-A34A-69CC43D89736}.Debug|Any CPU.Build.0 = Debug|Any CPU
		{25236D73-AD63-40EB-A34A-69CC43D89736}.Release|Any CPU.ActiveCfg = Release|Any CPU
		{25236D73-AD63-40EB-A34A-69CC43D89736}.Release|Any CPU.Build.0 = Release|Any CPU
		{79CAFB2F-4F46-4F0B-943A-AE1C696C3C55}.Debug|Any CPU.ActiveCfg = Debug|Any CPU
		{79CAFB2F-4F46-4F0B-943A-AE1C696C3C55}.Debug|Any CPU.Build.0 = Debug|Any CPU
		{79CAFB2F-4F46-4F0B-943A-AE1C696C3C55}.Release|Any CPU.ActiveCfg = Release|Any CPU
		{79CAFB2F-4F46-4F0B-943A-AE1C696C3C55}.Release|Any CPU.Build.0 = Release|Any CPU
		{7F69700E-71B5-4090-948A-8350683BA2CE}.Debug|Any CPU.ActiveCfg = Debug|Any CPU
		{7F69700E-71B5-4090-948A-8350683BA2CE}.Debug|Any CPU.Build.0 = Debug|Any CPU
		{7F69700E-71B5-4090-948A-8350683BA2CE}.Release|Any CPU.ActiveCfg = Release|Any CPU
		{7F69700E-71B5-4090-948A-8350683BA2CE}.Release|Any CPU.Build.0 = Release|Any CPU
		{57BBCEF4-6A5C-4B39-80EF-64611F8C01C3}.Debug|Any CPU.ActiveCfg = Debug|Any CPU
		{57BBCEF4-6A5C-4B39-80EF-64611F8C01C3}.Debug|Any CPU.Build.0 = Debug|Any CPU
		{57BBCEF4-6A5C-4B39-80EF-64611F8C01C3}.Release|Any CPU.ActiveCfg = Release|Any CPU
		{57BBCEF4-6A5C-4B39-80EF-64611F8C01C3}.Release|Any CPU.Build.0 = Release|Any CPU
		{1C1C639F-F151-4ACA-83D8-0F26FD960234}.Debug|Any CPU.ActiveCfg = Debug|Any CPU
		{1C1C639F-F151-4ACA-83D8-0F26FD960234}.Debug|Any CPU.Build.0 = Debug|Any CPU
		{1C1C639F-F151-4ACA-83D8-0F26FD960234}.Release|Any CPU.ActiveCfg = Release|Any CPU
		{1C1C639F-F151-4ACA-83D8-0F26FD960234}.Release|Any CPU.Build.0 = Release|Any CPU
		{33D9A3A8-E30F-4610-BC69-C8205A7E6538}.Debug|Any CPU.ActiveCfg = Debug|Any CPU
		{33D9A3A8-E30F-4610-BC69-C8205A7E6538}.Debug|Any CPU.Build.0 = Debug|Any CPU
		{33D9A3A8-E30F-4610-BC69-C8205A7E6538}.Release|Any CPU.ActiveCfg = Release|Any CPU
		{33D9A3A8-E30F-4610-BC69-C8205A7E6538}.Release|Any CPU.Build.0 = Release|Any CPU
		{07DA5672-C93C-4F30-9F06-0DF05F767095}.Debug|Any CPU.ActiveCfg = Debug|Any CPU
		{07DA5672-C93C-4F30-9F06-0DF05F767095}.Debug|Any CPU.Build.0 = Debug|Any CPU
		{07DA5672-C93C-4F30-9F06-0DF05F767095}.Release|Any CPU.ActiveCfg = Release|Any CPU
		{07DA5672-C93C-4F30-9F06-0DF05F767095}.Release|Any CPU.Build.0 = Release|Any CPU
		{0D621476-605D-44F8-858B-7F82D06A668F}.Debug|Any CPU.ActiveCfg = Debug|Any CPU
		{0D621476-605D-44F8-858B-7F82D06A668F}.Debug|Any CPU.Build.0 = Debug|Any CPU
		{0D621476-605D-44F8-858B-7F82D06A668F}.Release|Any CPU.ActiveCfg = Release|Any CPU
		{0D621476-605D-44F8-858B-7F82D06A668F}.Release|Any CPU.Build.0 = Release|Any CPU
		{2FA52557-53B6-4E6F-9262-AAB122C79C6E}.Debug|Any CPU.ActiveCfg = Debug|Any CPU
		{2FA52557-53B6-4E6F-9262-AAB122C79C6E}.Debug|Any CPU.Build.0 = Debug|Any CPU
		{2FA52557-53B6-4E6F-9262-AAB122C79C6E}.Release|Any CPU.ActiveCfg = Release|Any CPU
		{2FA52557-53B6-4E6F-9262-AAB122C79C6E}.Release|Any CPU.Build.0 = Release|Any CPU
	EndGlobalSection
	GlobalSection(SolutionProperties) = preSolution
		HideSolutionNode = FALSE
	EndGlobalSection
	GlobalSection(ExtensibilityGlobals) = postSolution
		SolutionGuid = {1A8BABFE-F9D6-4547-9286-A43157745361}
	EndGlobalSection
EndGlobal
