
Microsoft Visual Studio Solution File, Format Version 12.00
# Visual Studio Version 16
VisualStudioVersion = 16.0.30225.117
MinimumVisualStudioVersion = 10.0.40219.1
Project("{FAE04EC0-301F-11D3-BF4B-00C04F79EFBC}") = "DemoArrList", "DemoArrList\DemoArrList.csproj", "{25236D73-AD63-40EB-A34A-69CC43D89736}"
EndProject
Project("{FAE04EC0-301F-11D3-BF4B-00C04F79EFBC}") = "MyList", "MyList\MyList.csproj", "{79CAFB2F-4F46-4F0B-943A-AE1C696C3C55}"
EndProject
Global
	GlobalSection(SolutionConfigurationPlatforms) = preSolution
		Debug|Any CPU = Debug|Any CPU
		Release|Any CPU = Release|Any CPU
	EndGlobalSection
	GlobalSection(ProjectConfigurationPlatforms) = postSolution
		{25236D73-AD63-40EB-A34A-69CC43D89736}.Debug|Any CPU.ActiveCfg = Debug|Any CPU
		{25236D73-AD63-40EB-A34A-69CC43D89736}.Debug|Any CPU.Build.0 = Debug|Any CPU
		{25236D73-AD63-40EB-A34A-69CC43D89736}.Release|Any CPU.ActiveCfg = Release|Any CPU
		{25236D73-AD63-40EB-A34A-69CC43D89736}.Release|Any CPU.Build.0 = Release|Any CPU
		{79CAFB2F-4F46-4F0B-943A-AE1C696C3C55}.Debug|Any CPU.ActiveCfg = Debug|Any CPU
		{79CAFB2F-4F46-4F0B-943A-AE1C696C3C55}.Debug|Any CPU.Build.0 = Debug|Any CPU
		{79CAFB2F-4F46-4F0B-943A-AE1C696C3C55}.Release|Any CPU.ActiveCfg = Release|Any CPU
		{79CAFB2F-4F46-4F0B-943A-AE1C696C3C55}.Release|Any CPU.Build.0 = Release|Any CPU
	EndGlobalSection
	GlobalSection(SolutionProperties) = preSolution
		HideSolutionNode = FALSE
	EndGlobalSection
	GlobalSection(ExtensibilityGlobals) = postSolution
		SolutionGuid = {1A8BABFE-F9D6-4547-9286-A43157745361}
	EndGlobalSection
EndGlobal
