
Microsoft Visual Studio Solution File, Format Version 12.00
# Visual Studio Version 16
VisualStudioVersion = 16.0.30225.117
MinimumVisualStudioVersion = 10.0.40219.1
Project("{FAE04EC0-301F-11D3-BF4B-00C04F79EFBC}") = "SimpleCalculator", "SimpleCalculator\SimpleCalculator.csproj", "{667EAA70-A73B-432F-87D8-12B10BEA9D67}"
EndProject
Project("{FAE04EC0-301F-11D3-BF4B-00C04F79EFBC}") = "Calculator", "Calculator\Calculator.csproj", "{CE66878A-E77F-474C-B467-B03C4EF1A6BA}"
EndProject
Global
	GlobalSection(SolutionConfigurationPlatforms) = preSolution
		Debug|Any CPU = Debug|Any CPU
		Release|Any CPU = Release|Any CPU
	EndGlobalSection
	GlobalSection(ProjectConfigurationPlatforms) = postSolution
		{667EAA70-A73B-432F-87D8-12B10BEA9D67}.Debug|Any CPU.ActiveCfg = Debug|Any CPU
		{667EAA70-A73B-432F-87D8-12B10BEA9D67}.Debug|Any CPU.Build.0 = Debug|Any CPU
		{667EAA70-A73B-432F-87D8-12B10BEA9D67}.Release|Any CPU.ActiveCfg = Release|Any CPU
		{667EAA70-A73B-432F-87D8-12B10BEA9D67}.Release|Any CPU.Build.0 = Release|Any CPU
		{CE66878A-E77F-474C-B467-B03C4EF1A6BA}.Debug|Any CPU.ActiveCfg = Debug|Any CPU
		{CE66878A-E77F-474C-B467-B03C4EF1A6BA}.Debug|Any CPU.Build.0 = Debug|Any CPU
		{CE66878A-E77F-474C-B467-B03C4EF1A6BA}.Release|Any CPU.ActiveCfg = Release|Any CPU
		{CE66878A-E77F-474C-B467-B03C4EF1A6BA}.Release|Any CPU.Build.0 = Release|Any CPU
	EndGlobalSection
	GlobalSection(SolutionProperties) = preSolution
		HideSolutionNode = FALSE
	EndGlobalSection
	GlobalSection(ExtensibilityGlobals) = postSolution
		SolutionGuid = {31163C74-32BD-4C3B-8A9E-C39ADCA87EAD}
	EndGlobalSection
EndGlobal
